// !$*UTF8*$!
{
	archiveVersion = 1;
	classes = {
	};
	objectVersion = 56;
	objects = {

/* Begin PBXBuildFile section */
		FD306A542AA66E9900395A21 /* CryptoTableViewCell.swift in Sources */ = {isa = PBXBuildFile; fileRef = FD306A532AA66E9900395A21 /* CryptoTableViewCell.swift */; };
		FD90C7352AA5E5FB0013626A /* AppDelegate.swift in Sources */ = {isa = PBXBuildFile; fileRef = FD90C7342AA5E5FB0013626A /* AppDelegate.swift */; };
		FD90C7372AA5E5FB0013626A /* SceneDelegate.swift in Sources */ = {isa = PBXBuildFile; fileRef = FD90C7362AA5E5FB0013626A /* SceneDelegate.swift */; };
		FD90C7392AA5E5FB0013626A /* ViewController.swift in Sources */ = {isa = PBXBuildFile; fileRef = FD90C7382AA5E5FB0013626A /* ViewController.swift */; };
		FD90C73C2AA5E5FB0013626A /* Main.storyboard in Resources */ = {isa = PBXBuildFile; fileRef = FD90C73A2AA5E5FB0013626A /* Main.storyboard */; };
		FD90C73E2AA5E5FC0013626A /* Assets.xcassets in Resources */ = {isa = PBXBuildFile; fileRef = FD90C73D2AA5E5FC0013626A /* Assets.xcassets */; };
		FD90C7412AA5E5FC0013626A /* LaunchScreen.storyboard in Resources */ = {isa = PBXBuildFile; fileRef = FD90C73F2AA5E5FC0013626A /* LaunchScreen.storyboard */; };
		FD90C74C2AA5E5FC0013626A /* CryptoRxMVMMTests.swift in Sources */ = {isa = PBXBuildFile; fileRef = FD90C74B2AA5E5FC0013626A /* CryptoRxMVMMTests.swift */; };
		FD90C7562AA5E5FC0013626A /* CryptoRxMVMMUITests.swift in Sources */ = {isa = PBXBuildFile; fileRef = FD90C7552AA5E5FC0013626A /* CryptoRxMVMMUITests.swift */; };
		FD90C7582AA5E5FC0013626A /* CryptoRxMVMMUITestsLaunchTests.swift in Sources */ = {isa = PBXBuildFile; fileRef = FD90C7572AA5E5FC0013626A /* CryptoRxMVMMUITestsLaunchTests.swift */; };
		FD90C7692AA5ED130013626A /* Crypto.swift in Sources */ = {isa = PBXBuildFile; fileRef = FD90C7682AA5ED130013626A /* Crypto.swift */; };
		FD90C76B2AA5F8570013626A /* Webservice.swift in Sources */ = {isa = PBXBuildFile; fileRef = FD90C76A2AA5F8570013626A /* Webservice.swift */; };
		FD90C76D2AA65B220013626A /* CryptoViewModel.swift in Sources */ = {isa = PBXBuildFile; fileRef = FD90C76C2AA65B220013626A /* CryptoViewModel.swift */; };
		FD90C7742AA65EFA0013626A /* RxCocoa in Frameworks */ = {isa = PBXBuildFile; productRef = FD90C7732AA65EFA0013626A /* RxCocoa */; };
		FD90C7762AA65EFA0013626A /* RxSwift in Frameworks */ = {isa = PBXBuildFile; productRef = FD90C7752AA65EFA0013626A /* RxSwift */; };
/* End PBXBuildFile section */

/* Begin PBXContainerItemProxy section */
		FD90C7482AA5E5FC0013626A /* PBXContainerItemProxy */ = {
			isa = PBXContainerItemProxy;
			containerPortal = FD90C7292AA5E5FB0013626A /* Project object */;
			proxyType = 1;
			remoteGlobalIDString = FD90C7302AA5E5FB0013626A;
			remoteInfo = CryptoRxMVMM;
		};
		FD90C7522AA5E5FC0013626A /* PBXContainerItemProxy */ = {
			isa = PBXContainerItemProxy;
			containerPortal = FD90C7292AA5E5FB0013626A /* Project object */;
			proxyType = 1;
			remoteGlobalIDString = FD90C7302AA5E5FB0013626A;
			remoteInfo = CryptoRxMVMM;
		};
/* End PBXContainerItemProxy section */

/* Begin PBXFileReference section */
		FD306A532AA66E9900395A21 /* CryptoTableViewCell.swift */ = {isa = PBXFileReference; lastKnownFileType = sourcecode.swift; path = CryptoTableViewCell.swift; sourceTree = "<group>"; };
		FD90C7312AA5E5FB0013626A /* CryptoRxMVMM.app */ = {isa = PBXFileReference; explicitFileType = wrapper.application; includeInIndex = 0; path = CryptoRxMVMM.app; sourceTree = BUILT_PRODUCTS_DIR; };
		FD90C7342AA5E5FB0013626A /* AppDelegate.swift */ = {isa = PBXFileReference; lastKnownFileType = sourcecode.swift; path = AppDelegate.swift; sourceTree = "<group>"; };
		FD90C7362AA5E5FB0013626A /* SceneDelegate.swift */ = {isa = PBXFileReference; lastKnownFileType = sourcecode.swift; path = SceneDelegate.swift; sourceTree = "<group>"; };
		FD90C7382AA5E5FB0013626A /* ViewController.swift */ = {isa = PBXFileReference; lastKnownFileType = sourcecode.swift; path = ViewController.swift; sourceTree = "<group>"; };
		FD90C73B2AA5E5FB0013626A /* Base */ = {isa = PBXFileReference; lastKnownFileType = file.storyboard; name = Base; path = Base.lproj/Main.storyboard; sourceTree = "<group>"; };
		FD90C73D2AA5E5FC0013626A /* Assets.xcassets */ = {isa = PBXFileReference; lastKnownFileType = folder.assetcatalog; path = Assets.xcassets; sourceTree = "<group>"; };
		FD90C7402AA5E5FC0013626A /* Base */ = {isa = PBXFileReference; lastKnownFileType = file.storyboard; name = Base; path = Base.lproj/LaunchScreen.storyboard; sourceTree = "<group>"; };
		FD90C7422AA5E5FC0013626A /* Info.plist */ = {isa = PBXFileReference; lastKnownFileType = text.plist.xml; path = Info.plist; sourceTree = "<group>"; };
		FD90C7472AA5E5FC0013626A /* CryptoRxMVMMTests.xctest */ = {isa = PBXFileReference; explicitFileType = wrapper.cfbundle; includeInIndex = 0; path = CryptoRxMVMMTests.xctest; sourceTree = BUILT_PRODUCTS_DIR; };
		FD90C74B2AA5E5FC0013626A /* CryptoRxMVMMTests.swift */ = {isa = PBXFileReference; lastKnownFileType = sourcecode.swift; path = CryptoRxMVMMTests.swift; sourceTree = "<group>"; };
		FD90C7512AA5E5FC0013626A /* CryptoRxMVMMUITests.xctest */ = {isa = PBXFileReference; explicitFileType = wrapper.cfbundle; includeInIndex = 0; path = CryptoRxMVMMUITests.xctest; sourceTree = BUILT_PRODUCTS_DIR; };
		FD90C7552AA5E5FC0013626A /* CryptoRxMVMMUITests.swift */ = {isa = PBXFileReference; lastKnownFileType = sourcecode.swift; path = CryptoRxMVMMUITests.swift; sourceTree = "<group>"; };
		FD90C7572AA5E5FC0013626A /* CryptoRxMVMMUITestsLaunchTests.swift */ = {isa = PBXFileReference; lastKnownFileType = sourcecode.swift; path = CryptoRxMVMMUITestsLaunchTests.swift; sourceTree = "<group>"; };
		FD90C7682AA5ED130013626A /* Crypto.swift */ = {isa = PBXFileReference; lastKnownFileType = sourcecode.swift; path = Crypto.swift; sourceTree = "<group>"; };
		FD90C76A2AA5F8570013626A /* Webservice.swift */ = {isa = PBXFileReference; lastKnownFileType = sourcecode.swift; path = Webservice.swift; sourceTree = "<group>"; };
		FD90C76C2AA65B220013626A /* CryptoViewModel.swift */ = {isa = PBXFileReference; lastKnownFileType = sourcecode.swift; path = CryptoViewModel.swift; sourceTree = "<group>"; };
/* End PBXFileReference section */

/* Begin PBXFrameworksBuildPhase section */
		FD90C72E2AA5E5FB0013626A /* Frameworks */ = {
			isa = PBXFrameworksBuildPhase;
			buildActionMask = 2147483647;
			files = (
				FD90C7742AA65EFA0013626A /* RxCocoa in Frameworks */,
				FD90C7762AA65EFA0013626A /* RxSwift in Frameworks */,
			);
			runOnlyForDeploymentPostprocessing = 0;
		};
		FD90C7442AA5E5FC0013626A /* Frameworks */ = {
			isa = PBXFrameworksBuildPhase;
			buildActionMask = 2147483647;
			files = (
			);
			runOnlyForDeploymentPostprocessing = 0;
		};
		FD90C74E2AA5E5FC0013626A /* Frameworks */ = {
			isa = PBXFrameworksBuildPhase;
			buildActionMask = 2147483647;
			files = (
			);
			runOnlyForDeploymentPostprocessing = 0;
		};
/* End PBXFrameworksBuildPhase section */

/* Begin PBXGroup section */
		FD90C7282AA5E5FB0013626A = {
			isa = PBXGroup;
			children = (
				FD90C7332AA5E5FB0013626A /* CryptoRxMVMM */,
				FD90C74A2AA5E5FC0013626A /* CryptoRxMVMMTests */,
				FD90C7542AA5E5FC0013626A /* CryptoRxMVMMUITests */,
				FD90C7322AA5E5FB0013626A /* Products */,
			);
			sourceTree = "<group>";
		};
		FD90C7322AA5E5FB0013626A /* Products */ = {
			isa = PBXGroup;
			children = (
				FD90C7312AA5E5FB0013626A /* CryptoRxMVMM.app */,
				FD90C7472AA5E5FC0013626A /* CryptoRxMVMMTests.xctest */,
				FD90C7512AA5E5FC0013626A /* CryptoRxMVMMUITests.xctest */,
			);
			name = Products;
			sourceTree = "<group>";
		};
		FD90C7332AA5E5FB0013626A /* CryptoRxMVMM */ = {
			isa = PBXGroup;
			children = (
				FD90C7672AA5EB7D0013626A /* Service */,
				FD90C7662AA5EAFC0013626A /* Model */,
				FD90C7652AA5EAE60013626A /* ViewModel */,
				FD90C7642AA5EAD60013626A /* View */,
				FD90C73A2AA5E5FB0013626A /* Main.storyboard */,
				FD90C73D2AA5E5FC0013626A /* Assets.xcassets */,
				FD90C73F2AA5E5FC0013626A /* LaunchScreen.storyboard */,
				FD90C7422AA5E5FC0013626A /* Info.plist */,
			);
			path = CryptoRxMVMM;
			sourceTree = "<group>";
		};
		FD90C74A2AA5E5FC0013626A /* CryptoRxMVMMTests */ = {
			isa = PBXGroup;
			children = (
				FD90C74B2AA5E5FC0013626A /* CryptoRxMVMMTests.swift */,
			);
			path = CryptoRxMVMMTests;
			sourceTree = "<group>";
		};
		FD90C7542AA5E5FC0013626A /* CryptoRxMVMMUITests */ = {
			isa = PBXGroup;
			children = (
				FD90C7552AA5E5FC0013626A /* CryptoRxMVMMUITests.swift */,
				FD90C7572AA5E5FC0013626A /* CryptoRxMVMMUITestsLaunchTests.swift */,
			);
			path = CryptoRxMVMMUITests;
			sourceTree = "<group>";
		};
		FD90C7642AA5EAD60013626A /* View */ = {
			isa = PBXGroup;
			children = (
				FD90C7342AA5E5FB0013626A /* AppDelegate.swift */,
				FD90C7362AA5E5FB0013626A /* SceneDelegate.swift */,
				FD90C7382AA5E5FB0013626A /* ViewController.swift */,
				FD306A532AA66E9900395A21 /* CryptoTableViewCell.swift */,
			);
			path = View;
			sourceTree = "<group>";
		};
		FD90C7652AA5EAE60013626A /* ViewModel */ = {
			isa = PBXGroup;
			children = (
				FD90C76C2AA65B220013626A /* CryptoViewModel.swift */,
			);
			path = ViewModel;
			sourceTree = "<group>";
		};
		FD90C7662AA5EAFC0013626A /* Model */ = {
			isa = PBXGroup;
			children = (
				FD90C7682AA5ED130013626A /* Crypto.swift */,
			);
			path = Model;
			sourceTree = "<group>";
		};
		FD90C7672AA5EB7D0013626A /* Service */ = {
			isa = PBXGroup;
			children = (
				FD90C76A2AA5F8570013626A /* Webservice.swift */,
			);
			path = Service;
			sourceTree = "<group>";
		};
/* End PBXGroup section */

/* Begin PBXNativeTarget section */
		FD90C7302AA5E5FB0013626A /* CryptoRxMVMM */ = {
			isa = PBXNativeTarget;
			buildConfigurationList = FD90C75B2AA5E5FC0013626A /* Build configuration list for PBXNativeTarget "CryptoRxMVMM" */;
			buildPhases = (
				FD90C72D2AA5E5FB0013626A /* Sources */,
				FD90C72E2AA5E5FB0013626A /* Frameworks */,
				FD90C72F2AA5E5FB0013626A /* Resources */,
			);
			buildRules = (
			);
			dependencies = (
			);
			name = CryptoRxMVMM;
			packageProductDependencies = (
				FD90C7732AA65EFA0013626A /* RxCocoa */,
				FD90C7752AA65EFA0013626A /* RxSwift */,
			);
			productName = CryptoRxMVMM;
			productReference = FD90C7312AA5E5FB0013626A /* CryptoRxMVMM.app */;
			productType = "com.apple.product-type.application";
		};
		FD90C7462AA5E5FC0013626A /* CryptoRxMVMMTests */ = {
			isa = PBXNativeTarget;
			buildConfigurationList = FD90C75E2AA5E5FC0013626A /* Build configuration list for PBXNativeTarget "CryptoRxMVMMTests" */;
			buildPhases = (
				FD90C7432AA5E5FC0013626A /* Sources */,
				FD90C7442AA5E5FC0013626A /* Frameworks */,
				FD90C7452AA5E5FC0013626A /* Resources */,
			);
			buildRules = (
			);
			dependencies = (
				FD90C7492AA5E5FC0013626A /* PBXTargetDependency */,
			);
			name = CryptoRxMVMMTests;
			productName = CryptoRxMVMMTests;
			productReference = FD90C7472AA5E5FC0013626A /* CryptoRxMVMMTests.xctest */;
			productType = "com.apple.product-type.bundle.unit-test";
		};
		FD90C7502AA5E5FC0013626A /* CryptoRxMVMMUITests */ = {
			isa = PBXNativeTarget;
			buildConfigurationList = FD90C7612AA5E5FC0013626A /* Build configuration list for PBXNativeTarget "CryptoRxMVMMUITests" */;
			buildPhases = (
				FD90C74D2AA5E5FC0013626A /* Sources */,
				FD90C74E2AA5E5FC0013626A /* Frameworks */,
				FD90C74F2AA5E5FC0013626A /* Resources */,
			);
			buildRules = (
			);
			dependencies = (
				FD90C7532AA5E5FC0013626A /* PBXTargetDependency */,
			);
			name = CryptoRxMVMMUITests;
			productName = CryptoRxMVMMUITests;
			productReference = FD90C7512AA5E5FC0013626A /* CryptoRxMVMMUITests.xctest */;
			productType = "com.apple.product-type.bundle.ui-testing";
		};
/* End PBXNativeTarget section */

/* Begin PBXProject section */
		FD90C7292AA5E5FB0013626A /* Project object */ = {
			isa = PBXProject;
			attributes = {
				BuildIndependentTargetsInParallel = 1;
				LastSwiftUpdateCheck = 1420;
				LastUpgradeCheck = 1420;
				TargetAttributes = {
					FD90C7302AA5E5FB0013626A = {
						CreatedOnToolsVersion = 14.2;
					};
					FD90C7462AA5E5FC0013626A = {
						CreatedOnToolsVersion = 14.2;
						TestTargetID = FD90C7302AA5E5FB0013626A;
					};
					FD90C7502AA5E5FC0013626A = {
						CreatedOnToolsVersion = 14.2;
						TestTargetID = FD90C7302AA5E5FB0013626A;
					};
				};
			};
			buildConfigurationList = FD90C72C2AA5E5FB0013626A /* Build configuration list for PBXProject "CryptoRxMVMM" */;
			compatibilityVersion = "Xcode 14.0";
			developmentRegion = en;
			hasScannedForEncodings = 0;
			knownRegions = (
				en,
				Base,
			);
			mainGroup = FD90C7282AA5E5FB0013626A;
			packageReferences = (
				FD90C76E2AA65EFA0013626A /* XCRemoteSwiftPackageReference "RxSwift" */,
			);
			productRefGroup = FD90C7322AA5E5FB0013626A /* Products */;
			projectDirPath = "";
			projectRoot = "";
			targets = (
				FD90C7302AA5E5FB0013626A /* CryptoRxMVMM */,
				FD90C7462AA5E5FC0013626A /* CryptoRxMVMMTests */,
				FD90C7502AA5E5FC0013626A /* CryptoRxMVMMUITests */,
			);
		};
/* End PBXProject section */

/* Begin PBXResourcesBuildPhase section */
		FD90C72F2AA5E5FB0013626A /* Resources */ = {
			isa = PBXResourcesBuildPhase;
			buildActionMask = 2147483647;
			files = (
				FD90C7412AA5E5FC0013626A /* LaunchScreen.storyboard in Resources */,
				FD90C73E2AA5E5FC0013626A /* Assets.xcassets in Resources */,
				FD90C73C2AA5E5FB0013626A /* Main.storyboard in Resources */,
			);
			runOnlyForDeploymentPostprocessing = 0;
		};
		FD90C7452AA5E5FC0013626A /* Resources */ = {
			isa = PBXResourcesBuildPhase;
			buildActionMask = 2147483647;
			files = (
			);
			runOnlyForDeploymentPostprocessing = 0;
		};
		FD90C74F2AA5E5FC0013626A /* Resources */ = {
			isa = PBXResourcesBuildPhase;
			buildActionMask = 2147483647;
			files = (
			);
			runOnlyForDeploymentPostprocessing = 0;
		};
/* End PBXResourcesBuildPhase section */

/* Begin PBXSourcesBuildPhase section */
		FD90C72D2AA5E5FB0013626A /* Sources */ = {
			isa = PBXSourcesBuildPhase;
			buildActionMask = 2147483647;
			files = (
				FD90C7692AA5ED130013626A /* Crypto.swift in Sources */,
				FD90C7392AA5E5FB0013626A /* ViewController.swift in Sources */,
				FD90C7352AA5E5FB0013626A /* AppDelegate.swift in Sources */,
				FD90C76B2AA5F8570013626A /* Webservice.swift in Sources */,
				FD90C7372AA5E5FB0013626A /* SceneDelegate.swift in Sources */,
				FD90C76D2AA65B220013626A /* CryptoViewModel.swift in Sources */,
				FD306A542AA66E9900395A21 /* CryptoTableViewCell.swift in Sources */,
			);
			runOnlyForDeploymentPostprocessing = 0;
		};
		FD90C7432AA5E5FC0013626A /* Sources */ = {
			isa = PBXSourcesBuildPhase;
			buildActionMask = 2147483647;
			files = (
				FD90C74C2AA5E5FC0013626A /* CryptoRxMVMMTests.swift in Sources */,
			);
			runOnlyForDeploymentPostprocessing = 0;
		};
		FD90C74D2AA5E5FC0013626A /* Sources */ = {
			isa = PBXSourcesBuildPhase;
			buildActionMask = 2147483647;
			files = (
				FD90C7582AA5E5FC0013626A /* CryptoRxMVMMUITestsLaunchTests.swift in Sources */,
				FD90C7562AA5E5FC0013626A /* CryptoRxMVMMUITests.swift in Sources */,
			);
			runOnlyForDeploymentPostprocessing = 0;
		};
/* End PBXSourcesBuildPhase section */

/* Begin PBXTargetDependency section */
		FD90C7492AA5E5FC0013626A /* PBXTargetDependency */ = {
			isa = PBXTargetDependency;
			target = FD90C7302AA5E5FB0013626A /* CryptoRxMVMM */;
			targetProxy = FD90C7482AA5E5FC0013626A /* PBXContainerItemProxy */;
		};
		FD90C7532AA5E5FC0013626A /* PBXTargetDependency */ = {
			isa = PBXTargetDependency;
			target = FD90C7302AA5E5FB0013626A /* CryptoRxMVMM */;
			targetProxy = FD90C7522AA5E5FC0013626A /* PBXContainerItemProxy */;
		};
/* End PBXTargetDependency section */

/* Begin PBXVariantGroup section */
		FD90C73A2AA5E5FB0013626A /* Main.storyboard */ = {
			isa = PBXVariantGroup;
			children = (
				FD90C73B2AA5E5FB0013626A /* Base */,
			);
			name = Main.storyboard;
			sourceTree = "<group>";
		};
		FD90C73F2AA5E5FC0013626A /* LaunchScreen.storyboard */ = {
			isa = PBXVariantGroup;
			children = (
				FD90C7402AA5E5FC0013626A /* Base */,
			);
			name = LaunchScreen.storyboard;
			sourceTree = "<group>";
		};
/* End PBXVariantGroup section */

/* Begin XCBuildConfiguration section */
		FD90C7592AA5E5FC0013626A /* Debug */ = {
			isa = XCBuildConfiguration;
			buildSettings = {
				ALWAYS_SEARCH_USER_PATHS = NO;
				CLANG_ANALYZER_NONNULL = YES;
				CLANG_ANALYZER_NUMBER_OBJECT_CONVERSION = YES_AGGRESSIVE;
				CLANG_CXX_LANGUAGE_STANDARD = "gnu++20";
				CLANG_ENABLE_MODULES = YES;
				CLANG_ENABLE_OBJC_ARC = YES;
				CLANG_ENABLE_OBJC_WEAK = YES;
				CLANG_WARN_BLOCK_CAPTURE_AUTORELEASING = YES;
				CLANG_WARN_BOOL_CONVERSION = YES;
				CLANG_WARN_COMMA = YES;
				CLANG_WARN_CONSTANT_CONVERSION = YES;
				CLANG_WARN_DEPRECATED_OBJC_IMPLEMENTATIONS = YES;
				CLANG_WARN_DIRECT_OBJC_ISA_USAGE = YES_ERROR;
				CLANG_WARN_DOCUMENTATION_COMMENTS = YES;
				CLANG_WARN_EMPTY_BODY = YES;
				CLANG_WARN_ENUM_CONVERSION = YES;
				CLANG_WARN_INFINITE_RECURSION = YES;
				CLANG_WARN_INT_CONVERSION = YES;
				CLANG_WARN_NON_LITERAL_NULL_CONVERSION = YES;
				CLANG_WARN_OBJC_IMPLICIT_RETAIN_SELF = YES;
				CLANG_WARN_OBJC_LITERAL_CONVERSION = YES;
				CLANG_WARN_OBJC_ROOT_CLASS = YES_ERROR;
				CLANG_WARN_QUOTED_INCLUDE_IN_FRAMEWORK_HEADER = YES;
				CLANG_WARN_RANGE_LOOP_ANALYSIS = YES;
				CLANG_WARN_STRICT_PROTOTYPES = YES;
				CLANG_WARN_SUSPICIOUS_MOVE = YES;
				CLANG_WARN_UNGUARDED_AVAILABILITY = YES_AGGRESSIVE;
				CLANG_WARN_UNREACHABLE_CODE = YES;
				CLANG_WARN__DUPLICATE_METHOD_MATCH = YES;
				COPY_PHASE_STRIP = NO;
				DEBUG_INFORMATION_FORMAT = dwarf;
				ENABLE_STRICT_OBJC_MSGSEND = YES;
				ENABLE_TESTABILITY = YES;
				GCC_C_LANGUAGE_STANDARD = gnu11;
				GCC_DYNAMIC_NO_PIC = NO;
				GCC_NO_COMMON_BLOCKS = YES;
				GCC_OPTIMIZATION_LEVEL = 0;
				GCC_PREPROCESSOR_DEFINITIONS = (
					"DEBUG=1",
					"$(inherited)",
				);
				GCC_WARN_64_TO_32_BIT_CONVERSION = YES;
				GCC_WARN_ABOUT_RETURN_TYPE = YES_ERROR;
				GCC_WARN_UNDECLARED_SELECTOR = YES;
				GCC_WARN_UNINITIALIZED_AUTOS = YES_AGGRESSIVE;
				GCC_WARN_UNUSED_FUNCTION = YES;
				GCC_WARN_UNUSED_VARIABLE = YES;
				IPHONEOS_DEPLOYMENT_TARGET = 16.2;
				MTL_ENABLE_DEBUG_INFO = INCLUDE_SOURCE;
				MTL_FAST_MATH = YES;
				ONLY_ACTIVE_ARCH = YES;
				SDKROOT = iphoneos;
				SWIFT_ACTIVE_COMPILATION_CONDITIONS = DEBUG;
				SWIFT_OPTIMIZATION_LEVEL = "-Onone";
			};
			name = Debug;
		};
		FD90C75A2AA5E5FC0013626A /* Release */ = {
			isa = XCBuildConfiguration;
			buildSettings = {
				ALWAYS_SEARCH_USER_PATHS = NO;
				CLANG_ANALYZER_NONNULL = YES;
				CLANG_ANALYZER_NUMBER_OBJECT_CONVERSION = YES_AGGRESSIVE;
				CLANG_CXX_LANGUAGE_STANDARD = "gnu++20";
				CLANG_ENABLE_MODULES = YES;
				CLANG_ENABLE_OBJC_ARC = YES;
				CLANG_ENABLE_OBJC_WEAK = YES;
				CLANG_WARN_BLOCK_CAPTURE_AUTORELEASING = YES;
				CLANG_WARN_BOOL_CONVERSION = YES;
				CLANG_WARN_COMMA = YES;
				CLANG_WARN_CONSTANT_CONVERSION = YES;
				CLANG_WARN_DEPRECATED_OBJC_IMPLEMENTATIONS = YES;
				CLANG_WARN_DIRECT_OBJC_ISA_USAGE = YES_ERROR;
				CLANG_WARN_DOCUMENTATION_COMMENTS = YES;
				CLANG_WARN_EMPTY_BODY = YES;
				CLANG_WARN_ENUM_CONVERSION = YES;
				CLANG_WARN_INFINITE_RECURSION = YES;
				CLANG_WARN_INT_CONVERSION = YES;
				CLANG_WARN_NON_LITERAL_NULL_CONVERSION = YES;
				CLANG_WARN_OBJC_IMPLICIT_RETAIN_SELF = YES;
				CLANG_WARN_OBJC_LITERAL_CONVERSION = YES;
				CLANG_WARN_OBJC_ROOT_CLASS = YES_ERROR;
				CLANG_WARN_QUOTED_INCLUDE_IN_FRAMEWORK_HEADER = YES;
				CLANG_WARN_RANGE_LOOP_ANALYSIS = YES;
				CLANG_WARN_STRICT_PROTOTYPES = YES;
				CLANG_WARN_SUSPICIOUS_MOVE = YES;
				CLANG_WARN_UNGUARDED_AVAILABILITY = YES_AGGRESSIVE;
				CLANG_WARN_UNREACHABLE_CODE = YES;
				CLANG_WARN__DUPLICATE_METHOD_MATCH = YES;
				COPY_PHASE_STRIP = NO;
				DEBUG_INFORMATION_FORMAT = "dwarf-with-dsym";
				ENABLE_NS_ASSERTIONS = NO;
				ENABLE_STRICT_OBJC_MSGSEND = YES;
				GCC_C_LANGUAGE_STANDARD = gnu11;
				GCC_NO_COMMON_BLOCKS = YES;
				GCC_WARN_64_TO_32_BIT_CONVERSION = YES;
				GCC_WARN_ABOUT_RETURN_TYPE = YES_ERROR;
				GCC_WARN_UNDECLARED_SELECTOR = YES;
				GCC_WARN_UNINITIALIZED_AUTOS = YES_AGGRESSIVE;
				GCC_WARN_UNUSED_FUNCTION = YES;
				GCC_WARN_UNUSED_VARIABLE = YES;
				IPHONEOS_DEPLOYMENT_TARGET = 16.2;
				MTL_ENABLE_DEBUG_INFO = NO;
				MTL_FAST_MATH = YES;
				SDKROOT = iphoneos;
				SWIFT_COMPILATION_MODE = wholemodule;
				SWIFT_OPTIMIZATION_LEVEL = "-O";
				VALIDATE_PRODUCT = YES;
			};
			name = Release;
		};
		FD90C75C2AA5E5FC0013626A /* Debug */ = {
			isa = XCBuildConfiguration;
			buildSettings = {
				ASSETCATALOG_COMPILER_APPICON_NAME = AppIcon;
				ASSETCATALOG_COMPILER_GLOBAL_ACCENT_COLOR_NAME = AccentColor;
				CODE_SIGN_STYLE = Automatic;
				CURRENT_PROJECT_VERSION = 1;
				DEVELOPMENT_TEAM = ULQCGGLN69;
				GENERATE_INFOPLIST_FILE = YES;
				INFOPLIST_FILE = CryptoRxMVMM/Info.plist;
				INFOPLIST_KEY_UIApplicationSupportsIndirectInputEvents = YES;
				INFOPLIST_KEY_UILaunchStoryboardName = LaunchScreen;
				INFOPLIST_KEY_UIMainStoryboardFile = Main;
				INFOPLIST_KEY_UISupportedInterfaceOrientations_iPad = "UIInterfaceOrientationPortrait UIInterfaceOrientationPortraitUpsideDown UIInterfaceOrientationLandscapeLeft UIInterfaceOrientationLandscapeRight";
				INFOPLIST_KEY_UISupportedInterfaceOrientations_iPhone = "UIInterfaceOrientationPortrait UIInterfaceOrientationLandscapeLeft UIInterfaceOrientationLandscapeRight";
				LD_RUNPATH_SEARCH_PATHS = (
					"$(inherited)",
					"@executable_path/Frameworks",
				);
				MARKETING_VERSION = 1.0;
				PRODUCT_BUNDLE_IDENTIFIER = com.mervenurnerkis.CryptoRxMVMM;
				PRODUCT_NAME = "$(TARGET_NAME)";
				SWIFT_EMIT_LOC_STRINGS = YES;
				SWIFT_VERSION = 5.0;
				TARGETED_DEVICE_FAMILY = "1,2";
			};
			name = Debug;
		};
		FD90C75D2AA5E5FC0013626A /* Release */ = {
			isa = XCBuildConfiguration;
			buildSettings = {
				ASSETCATALOG_COMPILER_APPICON_NAME = AppIcon;
				ASSETCATALOG_COMPILER_GLOBAL_ACCENT_COLOR_NAME = AccentColor;
				CODE_SIGN_STYLE = Automatic;
				CURRENT_PROJECT_VERSION = 1;
				DEVELOPMENT_TEAM = ULQCGGLN69;
				GENERATE_INFOPLIST_FILE = YES;
				INFOPLIST_FILE = CryptoRxMVMM/Info.plist;
				INFOPLIST_KEY_UIApplicationSupportsIndirectInputEvents = YES;
				INFOPLIST_KEY_UILaunchStoryboardName = LaunchScreen;
				INFOPLIST_KEY_UIMainStoryboardFile = Main;
				INFOPLIST_KEY_UISupportedInterfaceOrientations_iPad = "UIInterfaceOrientationPortrait UIInterfaceOrientationPortraitUpsideDown UIInterfaceOrientationLandscapeLeft UIInterfaceOrientationLandscapeRight";
				INFOPLIST_KEY_UISupportedInterfaceOrientations_iPhone = "UIInterfaceOrientationPortrait UIInterfaceOrientationLandscapeLeft UIInterfaceOrientationLandscapeRight";
				LD_RUNPATH_SEARCH_PATHS = (
					"$(inherited)",
					"@executable_path/Frameworks",
				);
				MARKETING_VERSION = 1.0;
				PRODUCT_BUNDLE_IDENTIFIER = com.mervenurnerkis.CryptoRxMVMM;
				PRODUCT_NAME = "$(TARGET_NAME)";
				SWIFT_EMIT_LOC_STRINGS = YES;
				SWIFT_VERSION = 5.0;
				TARGETED_DEVICE_FAMILY = "1,2";
			};
			name = Release;
		};
		FD90C75F2AA5E5FC0013626A /* Debug */ = {
			isa = XCBuildConfiguration;
			buildSettings = {
				ALWAYS_EMBED_SWIFT_STANDARD_LIBRARIES = YES;
				BUNDLE_LOADER = "$(TEST_HOST)";
				CODE_SIGN_STYLE = Automatic;
				CURRENT_PROJECT_VERSION = 1;
				DEVELOPMENT_TEAM = ULQCGGLN69;
				GENERATE_INFOPLIST_FILE = YES;
				IPHONEOS_DEPLOYMENT_TARGET = 16.2;
				MARKETING_VERSION = 1.0;
				PRODUCT_BUNDLE_IDENTIFIER = com.mervenurnerkis.CryptoRxMVMMTests;
				PRODUCT_NAME = "$(TARGET_NAME)";
				SWIFT_EMIT_LOC_STRINGS = NO;
				SWIFT_VERSION = 5.0;
				TARGETED_DEVICE_FAMILY = "1,2";
				TEST_HOST = "$(BUILT_PRODUCTS_DIR)/CryptoRxMVMM.app/$(BUNDLE_EXECUTABLE_FOLDER_PATH)/CryptoRxMVMM";
			};
			name = Debug;
		};
		FD90C7602AA5E5FC0013626A /* Release */ = {
			isa = XCBuildConfiguration;
			buildSettings = {
				ALWAYS_EMBED_SWIFT_STANDARD_LIBRARIES = YES;
				BUNDLE_LOADER = "$(TEST_HOST)";
				CODE_SIGN_STYLE = Automatic;
				CURRENT_PROJECT_VERSION = 1;
				DEVELOPMENT_TEAM = ULQCGGLN69;
				GENERATE_INFOPLIST_FILE = YES;
				IPHONEOS_DEPLOYMENT_TARGET = 16.2;
				MARKETING_VERSION = 1.0;
				PRODUCT_BUNDLE_IDENTIFIER = com.mervenurnerkis.CryptoRxMVMMTests;
				PRODUCT_NAME = "$(TARGET_NAME)";
				SWIFT_EMIT_LOC_STRINGS = NO;
				SWIFT_VERSION = 5.0;
				TARGETED_DEVICE_FAMILY = "1,2";
				TEST_HOST = "$(BUILT_PRODUCTS_DIR)/CryptoRxMVMM.app/$(BUNDLE_EXECUTABLE_FOLDER_PATH)/CryptoRxMVMM";
			};
			name = Release;
		};
		FD90C7622AA5E5FC0013626A /* Debug */ = {
			isa = XCBuildConfiguration;
			buildSettings = {
				ALWAYS_EMBED_SWIFT_STANDARD_LIBRARIES = YES;
				CODE_SIGN_STYLE = Automatic;
				CURRENT_PROJECT_VERSION = 1;
				DEVELOPMENT_TEAM = ULQCGGLN69;
				GENERATE_INFOPLIST_FILE = YES;
				MARKETING_VERSION = 1.0;
				PRODUCT_BUNDLE_IDENTIFIER = com.mervenurnerkis.CryptoRxMVMMUITests;
				PRODUCT_NAME = "$(TARGET_NAME)";
				SWIFT_EMIT_LOC_STRINGS = NO;
				SWIFT_VERSION = 5.0;
				TARGETED_DEVICE_FAMILY = "1,2";
				TEST_TARGET_NAME = CryptoRxMVMM;
			};
			name = Debug;
		};
		FD90C7632AA5E5FC0013626A /* Release */ = {
			isa = XCBuildConfiguration;
			buildSettings = {
				ALWAYS_EMBED_SWIFT_STANDARD_LIBRARIES = YES;
				CODE_SIGN_STYLE = Automatic;
				CURRENT_PROJECT_VERSION = 1;
				DEVELOPMENT_TEAM = ULQCGGLN69;
				GENERATE_INFOPLIST_FILE = YES;
				MARKETING_VERSION = 1.0;
				PRODUCT_BUNDLE_IDENTIFIER = com.mervenurnerkis.CryptoRxMVMMUITests;
				PRODUCT_NAME = "$(TARGET_NAME)";
				SWIFT_EMIT_LOC_STRINGS = NO;
				SWIFT_VERSION = 5.0;
				TARGETED_DEVICE_FAMILY = "1,2";
				TEST_TARGET_NAME = CryptoRxMVMM;
			};
			name = Release;
		};
/* End XCBuildConfiguration section */

/* Begin XCConfigurationList section */
		FD90C72C2AA5E5FB0013626A /* Build configuration list for PBXProject "CryptoRxMVMM" */ = {
			isa = XCConfigurationList;
			buildConfigurations = (
				FD90C7592AA5E5FC0013626A /* Debug */,
				FD90C75A2AA5E5FC0013626A /* Release */,
			);
			defaultConfigurationIsVisible = 0;
			defaultConfigurationName = Release;
		};
		FD90C75B2AA5E5FC0013626A /* Build configuration list for PBXNativeTarget "CryptoRxMVMM" */ = {
			isa = XCConfigurationList;
			buildConfigurations = (
				FD90C75C2AA5E5FC0013626A /* Debug */,
				FD90C75D2AA5E5FC0013626A /* Release */,
			);
			defaultConfigurationIsVisible = 0;
			defaultConfigurationName = Release;
		};
		FD90C75E2AA5E5FC0013626A /* Build configuration list for PBXNativeTarget "CryptoRxMVMMTests" */ = {
			isa = XCConfigurationList;
			buildConfigurations = (
				FD90C75F2AA5E5FC0013626A /* Debug */,
				FD90C7602AA5E5FC0013626A /* Release */,
			);
			defaultConfigurationIsVisible = 0;
			defaultConfigurationName = Release;
		};
		FD90C7612AA5E5FC0013626A /* Build configuration list for PBXNativeTarget "CryptoRxMVMMUITests" */ = {
			isa = XCConfigurationList;
			buildConfigurations = (
				FD90C7622AA5E5FC0013626A /* Debug */,
				FD90C7632AA5E5FC0013626A /* Release */,
			);
			defaultConfigurationIsVisible = 0;
			defaultConfigurationName = Release;
		};
/* End XCConfigurationList section */

/* Begin XCRemoteSwiftPackageReference section */
		FD90C76E2AA65EFA0013626A /* XCRemoteSwiftPackageReference "RxSwift" */ = {
			isa = XCRemoteSwiftPackageReference;
			repositoryURL = "https://github.com/ReactiveX/RxSwift";
			requirement = {
				branch = main;
				kind = branch;
			};
		};
/* End XCRemoteSwiftPackageReference section */

/* Begin XCSwiftPackageProductDependency section */
		FD90C7732AA65EFA0013626A /* RxCocoa */ = {
			isa = XCSwiftPackageProductDependency;
			package = FD90C76E2AA65EFA0013626A /* XCRemoteSwiftPackageReference "RxSwift" */;
			productName = RxCocoa;
		};
		FD90C7752AA65EFA0013626A /* RxSwift */ = {
			isa = XCSwiftPackageProductDependency;
			package = FD90C76E2AA65EFA0013626A /* XCRemoteSwiftPackageReference "RxSwift" */;
			productName = RxSwift;
		};
/* End XCSwiftPackageProductDependency section */
	};
	rootObject = FD90C7292AA5E5FB0013626A /* Project object */;
}
